
Microsoft Visual Studio Solution File, Format Version 12.00
# Visual Studio Version 17
VisualStudioVersion = 17.0.32112.339
MinimumVisualStudioVersion = 10.0.40219.1
Project("{9A19103F-16F7-4668-BE54-9A1E7A4F7556}") = "horse_race", "horse_race.csproj", "{B950686C-01F2-4196-A3C6-F140EC972B77}"
EndProject
Global
	GlobalSection(SolutionConfigurationPlatforms) = preSolution
		Debug|Any CPU = Debug|Any CPU
		Release|Any CPU = Release|Any CPU
	EndGlobalSection
	GlobalSection(ProjectConfigurationPlatforms) = postSolution
		{B950686C-01F2-4196-A3C6-F140EC972B77}.Debug|Any CPU.ActiveCfg = Debug|Any CPU
		{B950686C-01F2-4196-A3C6-F140EC972B77}.Debug|Any CPU.Build.0 = Debug|Any CPU
		{B950686C-01F2-4196-A3C6-F140EC972B77}.Release|Any CPU.ActiveCfg = Release|Any CPU
		{B950686C-01F2-4196-A3C6-F140EC972B77}.Release|Any CPU.Build.0 = Release|Any CPU
	EndGlobalSection
	GlobalSection(SolutionProperties) = preSolution
		HideSolutionNode = FALSE
	EndGlobalSection
	GlobalSection(ExtensibilityGlobals) = postSolution
		SolutionGuid = {6F3F164C-93E1-4351-921D-6281CD719F76}
	EndGlobalSection
EndGlobal
